// !$*UTF8*$!
{
	archiveVersion = 1;
	classes = {
	};
	objectVersion = 56;
	objects = {

/* Begin PBXBuildFile section */
		6949839B2BFD1F3B00D96730 /* ImmersiveVideoView.swift in Sources */ = {isa = PBXBuildFile; fileRef = 6949839A2BFD1F3B00D96730 /* ImmersiveVideoView.swift */; };
		694983A32BFE097400D96730 /* ImmersiveAudio.swift in Sources */ = {isa = PBXBuildFile; fileRef = 694983A22BFE097400D96730 /* ImmersiveAudio.swift */; };
		694983A52BFE0C6700D96730 /* AudioPlayerModel.swift in Sources */ = {isa = PBXBuildFile; fileRef = 694983A42BFE0C6700D96730 /* AudioPlayerModel.swift */; };
		694983A82BFE0D0F00D96730 /* meditation.wav in Resources */ = {isa = PBXBuildFile; fileRef = 694983A72BFE0D0F00D96730 /* meditation.wav */; };
		69F2CC2F2BF8E801000E2019 /* cheetahApp.swift in Sources */ = {isa = PBXBuildFile; fileRef = 69F2CC2E2BF8E801000E2019 /* cheetahApp.swift */; };
		69F2CC312BF8E801000E2019 /* ContentView.swift in Sources */ = {isa = PBXBuildFile; fileRef = 69F2CC302BF8E801000E2019 /* ContentView.swift */; };
		69F2CC332BF8E802000E2019 /* Assets.xcassets in Resources */ = {isa = PBXBuildFile; fileRef = 69F2CC322BF8E802000E2019 /* Assets.xcassets */; };
		69F2CC362BF8E802000E2019 /* Preview Assets.xcassets in Resources */ = {isa = PBXBuildFile; fileRef = 69F2CC352BF8E802000E2019 /* Preview Assets.xcassets */; };
		69F2CC412BFB41F7000E2019 /* Model.swift in Sources */ = {isa = PBXBuildFile; fileRef = 69F2CC402BFB41F7000E2019 /* Model.swift */; };
		69F2CC472BFB4466000E2019 /* GymThumbnail.swift in Sources */ = {isa = PBXBuildFile; fileRef = 69F2CC462BFB4466000E2019 /* GymThumbnail.swift */; };
		69F2CC492BFB4FDD000E2019 /* ThumbnailRow.swift in Sources */ = {isa = PBXBuildFile; fileRef = 69F2CC482BFB4FDD000E2019 /* ThumbnailRow.swift */; };
		69F2CC4B2BFB6913000E2019 /* ImmersiveView.swift in Sources */ = {isa = PBXBuildFile; fileRef = 69F2CC4A2BFB6913000E2019 /* ImmersiveView.swift */; };
/* End PBXBuildFile section */

/* Begin PBXFileReference section */
		6949839A2BFD1F3B00D96730 /* ImmersiveVideoView.swift */ = {isa = PBXFileReference; lastKnownFileType = sourcecode.swift; path = ImmersiveVideoView.swift; sourceTree = "<group>"; };
		694983A22BFE097400D96730 /* ImmersiveAudio.swift */ = {isa = PBXFileReference; lastKnownFileType = sourcecode.swift; path = ImmersiveAudio.swift; sourceTree = "<group>"; };
		694983A42BFE0C6700D96730 /* AudioPlayerModel.swift */ = {isa = PBXFileReference; lastKnownFileType = sourcecode.swift; path = AudioPlayerModel.swift; sourceTree = "<group>"; };
		694983A72BFE0D0F00D96730 /* meditation.wav */ = {isa = PBXFileReference; lastKnownFileType = audio.wav; path = meditation.wav; sourceTree = "<group>"; };
		69F2CC272BF8E801000E2019 /* cheetah.app */ = {isa = PBXFileReference; explicitFileType = wrapper.application; includeInIndex = 0; path = cheetah.app; sourceTree = BUILT_PRODUCTS_DIR; };
		69F2CC2E2BF8E801000E2019 /* cheetahApp.swift */ = {isa = PBXFileReference; lastKnownFileType = sourcecode.swift; path = cheetahApp.swift; sourceTree = "<group>"; };
		69F2CC302BF8E801000E2019 /* ContentView.swift */ = {isa = PBXFileReference; lastKnownFileType = sourcecode.swift; path = ContentView.swift; sourceTree = "<group>"; };
		69F2CC322BF8E802000E2019 /* Assets.xcassets */ = {isa = PBXFileReference; lastKnownFileType = folder.assetcatalog; path = Assets.xcassets; sourceTree = "<group>"; };
		69F2CC352BF8E802000E2019 /* Preview Assets.xcassets */ = {isa = PBXFileReference; lastKnownFileType = folder.assetcatalog; path = "Preview Assets.xcassets"; sourceTree = "<group>"; };
		69F2CC372BF8E802000E2019 /* Info.plist */ = {isa = PBXFileReference; lastKnownFileType = text.plist.xml; path = Info.plist; sourceTree = "<group>"; };
		69F2CC402BFB41F7000E2019 /* Model.swift */ = {isa = PBXFileReference; lastKnownFileType = sourcecode.swift; path = Model.swift; sourceTree = "<group>"; };
		69F2CC462BFB4466000E2019 /* GymThumbnail.swift */ = {isa = PBXFileReference; lastKnownFileType = sourcecode.swift; path = GymThumbnail.swift; sourceTree = "<group>"; };
		69F2CC482BFB4FDD000E2019 /* ThumbnailRow.swift */ = {isa = PBXFileReference; lastKnownFileType = sourcecode.swift; path = ThumbnailRow.swift; sourceTree = "<group>"; };
		69F2CC4A2BFB6913000E2019 /* ImmersiveView.swift */ = {isa = PBXFileReference; lastKnownFileType = sourcecode.swift; path = ImmersiveView.swift; sourceTree = "<group>"; };
/* End PBXFileReference section */

/* Begin PBXFrameworksBuildPhase section */
		69F2CC242BF8E801000E2019 /* Frameworks */ = {
			isa = PBXFrameworksBuildPhase;
			buildActionMask = 2147483647;
			files = (
			);
			runOnlyForDeploymentPostprocessing = 0;
		};
/* End PBXFrameworksBuildPhase section */

/* Begin PBXGroup section */
		694983A62BFE0CDA00D96730 /* Audio */ = {
			isa = PBXGroup;
			children = (
				694983A72BFE0D0F00D96730 /* meditation.wav */,
			);
			path = Audio;
			sourceTree = "<group>";
		};
		69F2CC1E2BF8E801000E2019 = {
			isa = PBXGroup;
			children = (
				694983A62BFE0CDA00D96730 /* Audio */,
				69F2CC3D2BF8E80D000E2019 /* Model */,
				69F2CC292BF8E801000E2019 /* cheetah */,
				69F2CC282BF8E801000E2019 /* Products */,
			);
			sourceTree = "<group>";
		};
		69F2CC282BF8E801000E2019 /* Products */ = {
			isa = PBXGroup;
			children = (
				69F2CC272BF8E801000E2019 /* cheetah.app */,
			);
			name = Products;
			sourceTree = "<group>";
		};
		69F2CC292BF8E801000E2019 /* cheetah */ = {
			isa = PBXGroup;
			children = (
				69F2CC2E2BF8E801000E2019 /* cheetahApp.swift */,
				69F2CC302BF8E801000E2019 /* ContentView.swift */,
				69F2CC462BFB4466000E2019 /* GymThumbnail.swift */,
				69F2CC482BFB4FDD000E2019 /* ThumbnailRow.swift */,
				69F2CC4A2BFB6913000E2019 /* ImmersiveView.swift */,
				694983A22BFE097400D96730 /* ImmersiveAudio.swift */,
				6949839A2BFD1F3B00D96730 /* ImmersiveVideoView.swift */,
				69F2CC322BF8E802000E2019 /* Assets.xcassets */,
				69F2CC372BF8E802000E2019 /* Info.plist */,
				69F2CC342BF8E802000E2019 /* Preview Content */,
			);
			path = cheetah;
			sourceTree = "<group>";
		};
		69F2CC342BF8E802000E2019 /* Preview Content */ = {
			isa = PBXGroup;
			children = (
				69F2CC352BF8E802000E2019 /* Preview Assets.xcassets */,
			);
			path = "Preview Content";
			sourceTree = "<group>";
		};
		69F2CC3D2BF8E80D000E2019 /* Model */ = {
			isa = PBXGroup;
			children = (
				69F2CC402BFB41F7000E2019 /* Model.swift */,
				694983A42BFE0C6700D96730 /* AudioPlayerModel.swift */,
			);
			path = Model;
			sourceTree = "<group>";
		};
/* End PBXGroup section */

/* Begin PBXNativeTarget section */
		69F2CC262BF8E801000E2019 /* cheetah */ = {
			isa = PBXNativeTarget;
			buildConfigurationList = 69F2CC3A2BF8E802000E2019 /* Build configuration list for PBXNativeTarget "cheetah" */;
			buildPhases = (
				69F2CC232BF8E801000E2019 /* Sources */,
				69F2CC242BF8E801000E2019 /* Frameworks */,
				69F2CC252BF8E801000E2019 /* Resources */,
			);
			buildRules = (
			);
			dependencies = (
			);
			name = cheetah;
			packageProductDependencies = (
			);
			productName = cheetah;
			productReference = 69F2CC272BF8E801000E2019 /* cheetah.app */;
			productType = "com.apple.product-type.application";
		};
/* End PBXNativeTarget section */

/* Begin PBXProject section */
		69F2CC1F2BF8E801000E2019 /* Project object */ = {
			isa = PBXProject;
			attributes = {
				BuildIndependentTargetsInParallel = 1;
				LastSwiftUpdateCheck = 1530;
				LastUpgradeCheck = 1530;
				TargetAttributes = {
					69F2CC262BF8E801000E2019 = {
						CreatedOnToolsVersion = 15.3;
					};
				};
			};
			buildConfigurationList = 69F2CC222BF8E801000E2019 /* Build configuration list for PBXProject "cheetah" */;
			compatibilityVersion = "Xcode 14.0";
			developmentRegion = en;
			hasScannedForEncodings = 0;
			knownRegions = (
				en,
				Base,
			);
			mainGroup = 69F2CC1E2BF8E801000E2019;
			productRefGroup = 69F2CC282BF8E801000E2019 /* Products */;
			projectDirPath = "";
			projectRoot = "";
			targets = (
				69F2CC262BF8E801000E2019 /* cheetah */,
			);
		};
/* End PBXProject section */

/* Begin PBXResourcesBuildPhase section */
		69F2CC252BF8E801000E2019 /* Resources */ = {
			isa = PBXResourcesBuildPhase;
			buildActionMask = 2147483647;
			files = (
				69F2CC362BF8E802000E2019 /* Preview Assets.xcassets in Resources */,
				69F2CC332BF8E802000E2019 /* Assets.xcassets in Resources */,
				694983A82BFE0D0F00D96730 /* meditation.wav in Resources */,
			);
			runOnlyForDeploymentPostprocessing = 0;
		};
/* End PBXResourcesBuildPhase section */

/* Begin PBXSourcesBuildPhase section */
		69F2CC232BF8E801000E2019 /* Sources */ = {
			isa = PBXSourcesBuildPhase;
			buildActionMask = 2147483647;
			files = (
				69F2CC412BFB41F7000E2019 /* Model.swift in Sources */,
				69F2CC312BF8E801000E2019 /* ContentView.swift in Sources */,
				694983A32BFE097400D96730 /* ImmersiveAudio.swift in Sources */,
				69F2CC4B2BFB6913000E2019 /* ImmersiveView.swift in Sources */,
				694983A52BFE0C6700D96730 /* AudioPlayerModel.swift in Sources */,
				69F2CC2F2BF8E801000E2019 /* cheetahApp.swift in Sources */,
				69F2CC472BFB4466000E2019 /* GymThumbnail.swift in Sources */,
				6949839B2BFD1F3B00D96730 /* ImmersiveVideoView.swift in Sources */,
				69F2CC492BFB4FDD000E2019 /* ThumbnailRow.swift in Sources */,
			);
			runOnlyForDeploymentPostprocessing = 0;
		};
/* End PBXSourcesBuildPhase section */

/* Begin XCBuildConfiguration section */
		69F2CC382BF8E802000E2019 /* Debug */ = {
			isa = XCBuildConfiguration;
			buildSettings = {
				ALWAYS_SEARCH_USER_PATHS = NO;
				ASSETCATALOG_COMPILER_GENERATE_SWIFT_ASSET_SYMBOL_EXTENSIONS = YES;
				CLANG_ANALYZER_NONNULL = YES;
				CLANG_ANALYZER_NUMBER_OBJECT_CONVERSION = YES_AGGRESSIVE;
				CLANG_CXX_LANGUAGE_STANDARD = "gnu++20";
				CLANG_ENABLE_MODULES = YES;
				CLANG_ENABLE_OBJC_ARC = YES;
				CLANG_ENABLE_OBJC_WEAK = YES;
				CLANG_WARN_BLOCK_CAPTURE_AUTORELEASING = YES;
				CLANG_WARN_BOOL_CONVERSION = YES;
				CLANG_WARN_COMMA = YES;
				CLANG_WARN_CONSTANT_CONVERSION = YES;
				CLANG_WARN_DEPRECATED_OBJC_IMPLEMENTATIONS = YES;
				CLANG_WARN_DIRECT_OBJC_ISA_USAGE = YES_ERROR;
				CLANG_WARN_DOCUMENTATION_COMMENTS = YES;
				CLANG_WARN_EMPTY_BODY = YES;
				CLANG_WARN_ENUM_CONVERSION = YES;
				CLANG_WARN_INFINITE_RECURSION = YES;
				CLANG_WARN_INT_CONVERSION = YES;
				CLANG_WARN_NON_LITERAL_NULL_CONVERSION = YES;
				CLANG_WARN_OBJC_IMPLICIT_RETAIN_SELF = YES;
				CLANG_WARN_OBJC_LITERAL_CONVERSION = YES;
				CLANG_WARN_OBJC_ROOT_CLASS = YES_ERROR;
				CLANG_WARN_QUOTED_INCLUDE_IN_FRAMEWORK_HEADER = YES;
				CLANG_WARN_RANGE_LOOP_ANALYSIS = YES;
				CLANG_WARN_STRICT_PROTOTYPES = YES;
				CLANG_WARN_SUSPICIOUS_MOVE = YES;
				CLANG_WARN_UNGUARDED_AVAILABILITY = YES_AGGRESSIVE;
				CLANG_WARN_UNREACHABLE_CODE = YES;
				CLANG_WARN__DUPLICATE_METHOD_MATCH = YES;
				COPY_PHASE_STRIP = NO;
				DEBUG_INFORMATION_FORMAT = dwarf;
				ENABLE_STRICT_OBJC_MSGSEND = YES;
				ENABLE_TESTABILITY = YES;
				ENABLE_USER_SCRIPT_SANDBOXING = YES;
				GCC_C_LANGUAGE_STANDARD = gnu17;
				GCC_DYNAMIC_NO_PIC = NO;
				GCC_NO_COMMON_BLOCKS = YES;
				GCC_OPTIMIZATION_LEVEL = 0;
				GCC_PREPROCESSOR_DEFINITIONS = (
					"DEBUG=1",
					"$(inherited)",
				);
				GCC_WARN_64_TO_32_BIT_CONVERSION = YES;
				GCC_WARN_ABOUT_RETURN_TYPE = YES_ERROR;
				GCC_WARN_UNDECLARED_SELECTOR = YES;
				GCC_WARN_UNINITIALIZED_AUTOS = YES_AGGRESSIVE;
				GCC_WARN_UNUSED_FUNCTION = YES;
				GCC_WARN_UNUSED_VARIABLE = YES;
				LOCALIZATION_PREFERS_STRING_CATALOGS = YES;
				MTL_ENABLE_DEBUG_INFO = INCLUDE_SOURCE;
				MTL_FAST_MATH = YES;
				ONLY_ACTIVE_ARCH = YES;
				SDKROOT = xros;
				SWIFT_ACTIVE_COMPILATION_CONDITIONS = "DEBUG $(inherited)";
				SWIFT_OPTIMIZATION_LEVEL = "-Onone";
				XROS_DEPLOYMENT_TARGET = 1.1;
			};
			name = Debug;
		};
		69F2CC392BF8E802000E2019 /* Release */ = {
			isa = XCBuildConfiguration;
			buildSettings = {
				ALWAYS_SEARCH_USER_PATHS = NO;
				ASSETCATALOG_COMPILER_GENERATE_SWIFT_ASSET_SYMBOL_EXTENSIONS = YES;
				CLANG_ANALYZER_NONNULL = YES;
				CLANG_ANALYZER_NUMBER_OBJECT_CONVERSION = YES_AGGRESSIVE;
				CLANG_CXX_LANGUAGE_STANDARD = "gnu++20";
				CLANG_ENABLE_MODULES = YES;
				CLANG_ENABLE_OBJC_ARC = YES;
				CLANG_ENABLE_OBJC_WEAK = YES;
				CLANG_WARN_BLOCK_CAPTURE_AUTORELEASING = YES;
				CLANG_WARN_BOOL_CONVERSION = YES;
				CLANG_WARN_COMMA = YES;
				CLANG_WARN_CONSTANT_CONVERSION = YES;
				CLANG_WARN_DEPRECATED_OBJC_IMPLEMENTATIONS = YES;
				CLANG_WARN_DIRECT_OBJC_ISA_USAGE = YES_ERROR;
				CLANG_WARN_DOCUMENTATION_COMMENTS = YES;
				CLANG_WARN_EMPTY_BODY = YES;
				CLANG_WARN_ENUM_CONVERSION = YES;
				CLANG_WARN_INFINITE_RECURSION = YES;
				CLANG_WARN_INT_CONVERSION = YES;
				CLANG_WARN_NON_LITERAL_NULL_CONVERSION = YES;
				CLANG_WARN_OBJC_IMPLICIT_RETAIN_SELF = YES;
				CLANG_WARN_OBJC_LITERAL_CONVERSION = YES;
				CLANG_WARN_OBJC_ROOT_CLASS = YES_ERROR;
				CLANG_WARN_QUOTED_INCLUDE_IN_FRAMEWORK_HEADER = YES;
				CLANG_WARN_RANGE_LOOP_ANALYSIS = YES;
				CLANG_WARN_STRICT_PROTOTYPES = YES;
				CLANG_WARN_SUSPICIOUS_MOVE = YES;
				CLANG_WARN_UNGUARDED_AVAILABILITY = YES_AGGRESSIVE;
				CLANG_WARN_UNREACHABLE_CODE = YES;
				CLANG_WARN__DUPLICATE_METHOD_MATCH = YES;
				COPY_PHASE_STRIP = NO;
				DEBUG_INFORMATION_FORMAT = "dwarf-with-dsym";
				ENABLE_NS_ASSERTIONS = NO;
				ENABLE_STRICT_OBJC_MSGSEND = YES;
				ENABLE_USER_SCRIPT_SANDBOXING = YES;
				GCC_C_LANGUAGE_STANDARD = gnu17;
				GCC_NO_COMMON_BLOCKS = YES;
				GCC_WARN_64_TO_32_BIT_CONVERSION = YES;
				GCC_WARN_ABOUT_RETURN_TYPE = YES_ERROR;
				GCC_WARN_UNDECLARED_SELECTOR = YES;
				GCC_WARN_UNINITIALIZED_AUTOS = YES_AGGRESSIVE;
				GCC_WARN_UNUSED_FUNCTION = YES;
				GCC_WARN_UNUSED_VARIABLE = YES;
				LOCALIZATION_PREFERS_STRING_CATALOGS = YES;
				MTL_ENABLE_DEBUG_INFO = NO;
				MTL_FAST_MATH = YES;
				SDKROOT = xros;
				SWIFT_COMPILATION_MODE = wholemodule;
				VALIDATE_PRODUCT = YES;
				XROS_DEPLOYMENT_TARGET = 1.1;
			};
			name = Release;
		};
		69F2CC3B2BF8E802000E2019 /* Debug */ = {
			isa = XCBuildConfiguration;
			buildSettings = {
				ASSETCATALOG_COMPILER_APPICON_NAME = AppIcon;
				ASSETCATALOG_COMPILER_GLOBAL_ACCENT_COLOR_NAME = AccentColor;
				CODE_SIGN_STYLE = Automatic;
				CURRENT_PROJECT_VERSION = 1;
				DEVELOPMENT_ASSET_PATHS = "\"cheetah/Preview Content\"";
				DEVELOPMENT_TEAM = Y37P632DVZ;
				ENABLE_PREVIEWS = YES;
				GENERATE_INFOPLIST_FILE = YES;
				INFOPLIST_FILE = "$(TARGET_NAME)/Info.plist";
				LD_RUNPATH_SEARCH_PATHS = (
					"$(inherited)",
					"@executable_path/Frameworks",
				);
				MARKETING_VERSION = 1.0;
				PRODUCT_BUNDLE_IDENTIFIER = com.alexander.cheetah;
				PRODUCT_NAME = "$(TARGET_NAME)";
				SUPPORTED_PLATFORMS = "xros xrsimulator";
				SWIFT_EMIT_LOC_STRINGS = YES;
				SWIFT_VERSION = 5.0;
				TARGETED_DEVICE_FAMILY = "1,2,7";
			};
			name = Debug;
		};
		69F2CC3C2BF8E802000E2019 /* Release */ = {
			isa = XCBuildConfiguration;
			buildSettings = {
				ASSETCATALOG_COMPILER_APPICON_NAME = AppIcon;
				ASSETCATALOG_COMPILER_GLOBAL_ACCENT_COLOR_NAME = AccentColor;
				CODE_SIGN_STYLE = Automatic;
				CURRENT_PROJECT_VERSION = 1;
				DEVELOPMENT_ASSET_PATHS = "\"cheetah/Preview Content\"";
				DEVELOPMENT_TEAM = Y37P632DVZ;
				ENABLE_PREVIEWS = YES;
				GENERATE_INFOPLIST_FILE = YES;
				INFOPLIST_FILE = "$(TARGET_NAME)/Info.plist";
				LD_RUNPATH_SEARCH_PATHS = (
					"$(inherited)",
					"@executable_path/Frameworks",
				);
				MARKETING_VERSION = 1.0;
				PRODUCT_BUNDLE_IDENTIFIER = com.alexander.cheetah;
				PRODUCT_NAME = "$(TARGET_NAME)";
				SUPPORTED_PLATFORMS = "xros xrsimulator";
				SWIFT_EMIT_LOC_STRINGS = YES;
				SWIFT_VERSION = 5.0;
				TARGETED_DEVICE_FAMILY = "1,2,7";
			};
			name = Release;
		};
/* End XCBuildConfiguration section */

/* Begin XCConfigurationList section */
		69F2CC222BF8E801000E2019 /* Build configuration list for PBXProject "cheetah" */ = {
			isa = XCConfigurationList;
			buildConfigurations = (
				69F2CC382BF8E802000E2019 /* Debug */,
				69F2CC392BF8E802000E2019 /* Release */,
			);
			defaultConfigurationIsVisible = 0;
			defaultConfigurationName = Release;
		};
		69F2CC3A2BF8E802000E2019 /* Build configuration list for PBXNativeTarget "cheetah" */ = {
			isa = XCConfigurationList;
			buildConfigurations = (
				69F2CC3B2BF8E802000E2019 /* Debug */,
				69F2CC3C2BF8E802000E2019 /* Release */,
			);
			defaultConfigurationIsVisible = 0;
			defaultConfigurationName = Release;
		};
/* End XCConfigurationList section */
	};
	rootObject = 69F2CC1F2BF8E801000E2019 /* Project object */;
}
